
Microsoft Visual Studio Solution File, Format Version 12.00
# Visual Studio 2013
VisualStudioVersion = 12.0.40629.0
MinimumVisualStudioVersion = 10.0.40219.1
Project("{FAE04EC0-301F-11D3-BF4B-00C04F79EFBC}") = "Inventario.Data", "Inventario.Data\Inventario.Data.csproj", "{254ABA26-9696-4F9D-80D5-9996AF3E4E1B}"
EndProject
Project("{FAE04EC0-301F-11D3-BF4B-00C04F79EFBC}") = "Inventario.Service", "Inventario.Service\Inventario.Service.csproj", "{BA80A838-887F-4159-A0A4-032CB500F42F}"
EndProject
Project("{FAE04EC0-301F-11D3-BF4B-00C04F79EFBC}") = "Inventario.Web", "Inventario.Web\Inventario.Web.csproj", "{E1C5A192-A8B4-493D-8D4D-BEE087CC93B0}"
EndProject
Project("{FAE04EC0-301F-11D3-BF4B-00C04F79EFBC}") = "Inventario.Models", "Inventario.Models\Inventario.Models.csproj", "{919A0945-7C89-42D2-9AAF-2365542F5D8C}"
EndProject
Project("{FAE04EC0-301F-11D3-BF4B-00C04F79EFBC}") = "Inventario.Impl", "Inventario.Impl\Inventario.Impl.csproj", "{43A308AB-6AFB-4EB2-8529-D7D16433FBAB}"
	ProjectSection(ProjectDependencies) = postProject
		{BA80A838-887F-4159-A0A4-032CB500F42F} = {BA80A838-887F-4159-A0A4-032CB500F42F}
	EndProjectSection
EndProject
Global
	GlobalSection(SolutionConfigurationPlatforms) = preSolution
		Debug|Any CPU = Debug|Any CPU
		Release|Any CPU = Release|Any CPU
	EndGlobalSection
	GlobalSection(ProjectConfigurationPlatforms) = postSolution
		{254ABA26-9696-4F9D-80D5-9996AF3E4E1B}.Debug|Any CPU.ActiveCfg = Debug|Any CPU
		{254ABA26-9696-4F9D-80D5-9996AF3E4E1B}.Debug|Any CPU.Build.0 = Debug|Any CPU
		{254ABA26-9696-4F9D-80D5-9996AF3E4E1B}.Release|Any CPU.ActiveCfg = Release|Any CPU
		{254ABA26-9696-4F9D-80D5-9996AF3E4E1B}.Release|Any CPU.Build.0 = Release|Any CPU
		{BA80A838-887F-4159-A0A4-032CB500F42F}.Debug|Any CPU.ActiveCfg = Debug|Any CPU
		{BA80A838-887F-4159-A0A4-032CB500F42F}.Debug|Any CPU.Build.0 = Debug|Any CPU
		{BA80A838-887F-4159-A0A4-032CB500F42F}.Release|Any CPU.ActiveCfg = Release|Any CPU
		{BA80A838-887F-4159-A0A4-032CB500F42F}.Release|Any CPU.Build.0 = Release|Any CPU
		{E1C5A192-A8B4-493D-8D4D-BEE087CC93B0}.Debug|Any CPU.ActiveCfg = Debug|Any CPU
		{E1C5A192-A8B4-493D-8D4D-BEE087CC93B0}.Debug|Any CPU.Build.0 = Debug|Any CPU
		{E1C5A192-A8B4-493D-8D4D-BEE087CC93B0}.Release|Any CPU.ActiveCfg = Release|Any CPU
		{E1C5A192-A8B4-493D-8D4D-BEE087CC93B0}.Release|Any CPU.Build.0 = Release|Any CPU
		{919A0945-7C89-42D2-9AAF-2365542F5D8C}.Debug|Any CPU.ActiveCfg = Debug|Any CPU
		{919A0945-7C89-42D2-9AAF-2365542F5D8C}.Debug|Any CPU.Build.0 = Debug|Any CPU
		{919A0945-7C89-42D2-9AAF-2365542F5D8C}.Release|Any CPU.ActiveCfg = Release|Any CPU
		{919A0945-7C89-42D2-9AAF-2365542F5D8C}.Release|Any CPU.Build.0 = Release|Any CPU
		{43A308AB-6AFB-4EB2-8529-D7D16433FBAB}.Debug|Any CPU.ActiveCfg = Debug|Any CPU
		{43A308AB-6AFB-4EB2-8529-D7D16433FBAB}.Debug|Any CPU.Build.0 = Debug|Any CPU
		{43A308AB-6AFB-4EB2-8529-D7D16433FBAB}.Release|Any CPU.ActiveCfg = Release|Any CPU
		{43A308AB-6AFB-4EB2-8529-D7D16433FBAB}.Release|Any CPU.Build.0 = Release|Any CPU
	EndGlobalSection
	GlobalSection(SolutionProperties) = preSolution
		HideSolutionNode = FALSE
	EndGlobalSection
EndGlobal
